
Microsoft Visual Studio Solution File, Format Version 12.00
# Visual Studio Version 16
VisualStudioVersion = 16.0.31005.135
MinimumVisualStudioVersion = 10.0.40219.1
Project("{9A19103F-16F7-4668-BE54-9A1E7A4F7556}") = "Entities", "Entities\Entities.csproj", "{8136D34C-522A-4015-9661-685D8D426705}"
EndProject
Project("{9A19103F-16F7-4668-BE54-9A1E7A4F7556}") = "DataAccess", "DataAccess\DataAccess.csproj", "{39C9CB8E-F67D-437D-848E-CF9557B2F5B8}"
EndProject
Project("{9A19103F-16F7-4668-BE54-9A1E7A4F7556}") = "Business", "Business\Business.csproj", "{EF4A8D25-091A-43D3-8CB9-909B106CDD34}"
EndProject
Project("{9A19103F-16F7-4668-BE54-9A1E7A4F7556}") = "ConsoleUI", "ConsoleUI\ConsoleUI.csproj", "{BC825938-A469-46AA-8AFF-3A549452F707}"
EndProject
Project("{FAE04EC0-301F-11D3-BF4B-00C04F79EFBC}") = "Core", "Core\Core.csproj", "{CF2CEBFB-8B0B-4622-BD38-2F840B2C7130}"
EndProject
Global
	GlobalSection(SolutionConfigurationPlatforms) = preSolution
		Debug|Any CPU = Debug|Any CPU
		Release|Any CPU = Release|Any CPU
	EndGlobalSection
	GlobalSection(ProjectConfigurationPlatforms) = postSolution
		{8136D34C-522A-4015-9661-685D8D426705}.Debug|Any CPU.ActiveCfg = Debug|Any CPU
		{8136D34C-522A-4015-9661-685D8D426705}.Debug|Any CPU.Build.0 = Debug|Any CPU
		{8136D34C-522A-4015-9661-685D8D426705}.Release|Any CPU.ActiveCfg = Release|Any CPU
		{8136D34C-522A-4015-9661-685D8D426705}.Release|Any CPU.Build.0 = Release|Any CPU
		{39C9CB8E-F67D-437D-848E-CF9557B2F5B8}.Debug|Any CPU.ActiveCfg = Debug|Any CPU
		{39C9CB8E-F67D-437D-848E-CF9557B2F5B8}.Debug|Any CPU.Build.0 = Debug|Any CPU
		{39C9CB8E-F67D-437D-848E-CF9557B2F5B8}.Release|Any CPU.ActiveCfg = Release|Any CPU
		{39C9CB8E-F67D-437D-848E-CF9557B2F5B8}.Release|Any CPU.Build.0 = Release|Any CPU
		{EF4A8D25-091A-43D3-8CB9-909B106CDD34}.Debug|Any CPU.ActiveCfg = Debug|Any CPU
		{EF4A8D25-091A-43D3-8CB9-909B106CDD34}.Debug|Any CPU.Build.0 = Debug|Any CPU
		{EF4A8D25-091A-43D3-8CB9-909B106CDD34}.Release|Any CPU.ActiveCfg = Release|Any CPU
		{EF4A8D25-091A-43D3-8CB9-909B106CDD34}.Release|Any CPU.Build.0 = Release|Any CPU
		{BC825938-A469-46AA-8AFF-3A549452F707}.Debug|Any CPU.ActiveCfg = Debug|Any CPU
		{BC825938-A469-46AA-8AFF-3A549452F707}.Debug|Any CPU.Build.0 = Debug|Any CPU
		{BC825938-A469-46AA-8AFF-3A549452F707}.Release|Any CPU.ActiveCfg = Release|Any CPU
		{BC825938-A469-46AA-8AFF-3A549452F707}.Release|Any CPU.Build.0 = Release|Any CPU
		{CF2CEBFB-8B0B-4622-BD38-2F840B2C7130}.Debug|Any CPU.ActiveCfg = Debug|Any CPU
		{CF2CEBFB-8B0B-4622-BD38-2F840B2C7130}.Debug|Any CPU.Build.0 = Debug|Any CPU
		{CF2CEBFB-8B0B-4622-BD38-2F840B2C7130}.Release|Any CPU.ActiveCfg = Release|Any CPU
		{CF2CEBFB-8B0B-4622-BD38-2F840B2C7130}.Release|Any CPU.Build.0 = Release|Any CPU
	EndGlobalSection
	GlobalSection(SolutionProperties) = preSolution
		HideSolutionNode = FALSE
	EndGlobalSection
	GlobalSection(ExtensibilityGlobals) = postSolution
		SolutionGuid = {C651D757-CBB0-4C92-B773-B400C155996B}
	EndGlobalSection
EndGlobal
